// !$*UTF8*$!
{
	archiveVersion = 1;
	classes = {
	};
	objectVersion = 56;
	objects = {

/* Begin PBXBuildFile section */
		75704449B21821BDE31BD3D1 /* Pods_PlantsApp.framework in Frameworks */ = {isa = PBXBuildFile; fileRef = FEEB937427D3B6DB8B78906E /* Pods_PlantsApp.framework */; };
		9E044C56292111DB0068F5BF /* HttpClient.swift in Sources */ = {isa = PBXBuildFile; fileRef = 9E044C55292111DB0068F5BF /* HttpClient.swift */; };
		9E044C58292138C60068F5BF /* Models.swift in Sources */ = {isa = PBXBuildFile; fileRef = 9E044C57292138C60068F5BF /* Models.swift */; };
		9E24373A292007AB00797E6A /* AddPlantView.swift in Sources */ = {isa = PBXBuildFile; fileRef = 9E243739292007AB00797E6A /* AddPlantView.swift */; };
		9E2437402920184D00797E6A /* BluetoothViewModel.swift in Sources */ = {isa = PBXBuildFile; fileRef = 9E24373F2920184D00797E6A /* BluetoothViewModel.swift */; };
		9E56909A290528E30065B0D4 /* PlantsAppApp.swift in Sources */ = {isa = PBXBuildFile; fileRef = 9E569099290528E30065B0D4 /* PlantsAppApp.swift */; };
		9E56909C290528E30065B0D4 /* ContentView.swift in Sources */ = {isa = PBXBuildFile; fileRef = 9E56909B290528E30065B0D4 /* ContentView.swift */; };
		9E56909E290528E50065B0D4 /* Assets.xcassets in Resources */ = {isa = PBXBuildFile; fileRef = 9E56909D290528E50065B0D4 /* Assets.xcassets */; };
		9E5690A1290528E50065B0D4 /* Preview Assets.xcassets in Resources */ = {isa = PBXBuildFile; fileRef = 9E5690A0290528E50065B0D4 /* Preview Assets.xcassets */; };
		9E5690A829052FFB0065B0D4 /* RoundedCorner.swift in Sources */ = {isa = PBXBuildFile; fileRef = 9E5690A729052FFB0065B0D4 /* RoundedCorner.swift */; };
		9E5690AA290531B60065B0D4 /* PlantDemoCard.swift in Sources */ = {isa = PBXBuildFile; fileRef = 9E5690A9290531B60065B0D4 /* PlantDemoCard.swift */; };
		9E5690AC290537880065B0D4 /* Extensions.swift in Sources */ = {isa = PBXBuildFile; fileRef = 9E5690AB290537880065B0D4 /* Extensions.swift */; };
		9E5690AE290549EC0065B0D4 /* TagPill.swift in Sources */ = {isa = PBXBuildFile; fileRef = 9E5690AD290549EC0065B0D4 /* TagPill.swift */; };
		9E5690B02905574D0065B0D4 /* PlantDetailedView.swift in Sources */ = {isa = PBXBuildFile; fileRef = 9E5690AF2905574D0065B0D4 /* PlantDetailedView.swift */; };
		9E5690B22905721B0065B0D4 /* ProgressChart.swift in Sources */ = {isa = PBXBuildFile; fileRef = 9E5690B12905721B0065B0D4 /* ProgressChart.swift */; };
		9E6986CF29367B9000226701 /* MqttViewModel.swift in Sources */ = {isa = PBXBuildFile; fileRef = 9E6986CE29367B9000226701 /* MqttViewModel.swift */; };
		9E7D2E322932419D006BCCED /* Podfile in Resources */ = {isa = PBXBuildFile; fileRef = 9E7D2E312932419D006BCCED /* Podfile */; };
		9E7D2E3629324AC9006BCCED /* BleProvisioningViewModel.swift in Sources */ = {isa = PBXBuildFile; fileRef = 9E7D2E3529324AC9006BCCED /* BleProvisioningViewModel.swift */; };
		9E7D2E3A29327939006BCCED /* ConfigureSensorView.swift in Sources */ = {isa = PBXBuildFile; fileRef = 9E7D2E3929327939006BCCED /* ConfigureSensorView.swift */; };
/* End PBXBuildFile section */

/* Begin PBXFileReference section */
		794AA7C5779D58C65BA5A4D9 /* Pods-PlantsApp.release.xcconfig */ = {isa = PBXFileReference; includeInIndex = 1; lastKnownFileType = text.xcconfig; name = "Pods-PlantsApp.release.xcconfig"; path = "Target Support Files/Pods-PlantsApp/Pods-PlantsApp.release.xcconfig"; sourceTree = "<group>"; };
		9E044C55292111DB0068F5BF /* HttpClient.swift */ = {isa = PBXFileReference; lastKnownFileType = sourcecode.swift; path = HttpClient.swift; sourceTree = "<group>"; };
		9E044C57292138C60068F5BF /* Models.swift */ = {isa = PBXFileReference; lastKnownFileType = sourcecode.swift; path = Models.swift; sourceTree = "<group>"; };
		9E243739292007AB00797E6A /* AddPlantView.swift */ = {isa = PBXFileReference; lastKnownFileType = sourcecode.swift; path = AddPlantView.swift; sourceTree = "<group>"; };
		9E24373F2920184D00797E6A /* BluetoothViewModel.swift */ = {isa = PBXFileReference; lastKnownFileType = sourcecode.swift; path = BluetoothViewModel.swift; sourceTree = "<group>"; };
		9E569096290528E30065B0D4 /* PlantsApp.app */ = {isa = PBXFileReference; explicitFileType = wrapper.application; includeInIndex = 0; path = PlantsApp.app; sourceTree = BUILT_PRODUCTS_DIR; };
		9E569099290528E30065B0D4 /* PlantsAppApp.swift */ = {isa = PBXFileReference; lastKnownFileType = sourcecode.swift; path = PlantsAppApp.swift; sourceTree = "<group>"; };
		9E56909B290528E30065B0D4 /* ContentView.swift */ = {isa = PBXFileReference; lastKnownFileType = sourcecode.swift; path = ContentView.swift; sourceTree = "<group>"; };
		9E56909D290528E50065B0D4 /* Assets.xcassets */ = {isa = PBXFileReference; lastKnownFileType = folder.assetcatalog; path = Assets.xcassets; sourceTree = "<group>"; };
		9E5690A0290528E50065B0D4 /* Preview Assets.xcassets */ = {isa = PBXFileReference; lastKnownFileType = folder.assetcatalog; path = "Preview Assets.xcassets"; sourceTree = "<group>"; };
		9E5690A729052FFB0065B0D4 /* RoundedCorner.swift */ = {isa = PBXFileReference; lastKnownFileType = sourcecode.swift; path = RoundedCorner.swift; sourceTree = "<group>"; };
		9E5690A9290531B60065B0D4 /* PlantDemoCard.swift */ = {isa = PBXFileReference; lastKnownFileType = sourcecode.swift; path = PlantDemoCard.swift; sourceTree = "<group>"; };
		9E5690AB290537880065B0D4 /* Extensions.swift */ = {isa = PBXFileReference; lastKnownFileType = sourcecode.swift; path = Extensions.swift; sourceTree = "<group>"; };
		9E5690AD290549EC0065B0D4 /* TagPill.swift */ = {isa = PBXFileReference; lastKnownFileType = sourcecode.swift; path = TagPill.swift; sourceTree = "<group>"; };
		9E5690AF2905574D0065B0D4 /* PlantDetailedView.swift */ = {isa = PBXFileReference; lastKnownFileType = sourcecode.swift; path = PlantDetailedView.swift; sourceTree = "<group>"; };
		9E5690B12905721B0065B0D4 /* ProgressChart.swift */ = {isa = PBXFileReference; lastKnownFileType = sourcecode.swift; path = ProgressChart.swift; sourceTree = "<group>"; };
		9E6986CE29367B9000226701 /* MqttViewModel.swift */ = {isa = PBXFileReference; lastKnownFileType = sourcecode.swift; path = MqttViewModel.swift; sourceTree = "<group>"; };
		9E7D2E312932419D006BCCED /* Podfile */ = {isa = PBXFileReference; lastKnownFileType = text; path = Podfile; sourceTree = "<group>"; };
		9E7D2E3529324AC9006BCCED /* BleProvisioningViewModel.swift */ = {isa = PBXFileReference; lastKnownFileType = sourcecode.swift; path = BleProvisioningViewModel.swift; sourceTree = "<group>"; };
		9E7D2E3929327939006BCCED /* ConfigureSensorView.swift */ = {isa = PBXFileReference; lastKnownFileType = sourcecode.swift; path = ConfigureSensorView.swift; sourceTree = "<group>"; };
		9ECA8FDEDCE9E4168402823B /* Pods-PlantsApp.debug.xcconfig */ = {isa = PBXFileReference; includeInIndex = 1; lastKnownFileType = text.xcconfig; name = "Pods-PlantsApp.debug.xcconfig"; path = "Target Support Files/Pods-PlantsApp/Pods-PlantsApp.debug.xcconfig"; sourceTree = "<group>"; };
		FEEB937427D3B6DB8B78906E /* Pods_PlantsApp.framework */ = {isa = PBXFileReference; explicitFileType = wrapper.framework; includeInIndex = 0; path = Pods_PlantsApp.framework; sourceTree = BUILT_PRODUCTS_DIR; };
/* End PBXFileReference section */

/* Begin PBXFrameworksBuildPhase section */
		9E569093290528E30065B0D4 /* Frameworks */ = {
			isa = PBXFrameworksBuildPhase;
			buildActionMask = 2147483647;
			files = (
				75704449B21821BDE31BD3D1 /* Pods_PlantsApp.framework in Frameworks */,
			);
			runOnlyForDeploymentPostprocessing = 0;
		};
/* End PBXFrameworksBuildPhase section */

/* Begin PBXGroup section */
		9255C6F7C80534DE7805CA2E /* Frameworks */ = {
			isa = PBXGroup;
			children = (
				FEEB937427D3B6DB8B78906E /* Pods_PlantsApp.framework */,
			);
			name = Frameworks;
			sourceTree = "<group>";
		};
		9BD554F0E79D3C79B366426D /* Pods */ = {
			isa = PBXGroup;
			children = (
				9ECA8FDEDCE9E4168402823B /* Pods-PlantsApp.debug.xcconfig */,
				794AA7C5779D58C65BA5A4D9 /* Pods-PlantsApp.release.xcconfig */,
			);
			path = Pods;
			sourceTree = "<group>";
		};
		9E56908D290528E30065B0D4 = {
			isa = PBXGroup;
			children = (
				9E7D2E312932419D006BCCED /* Podfile */,
				9E569098290528E30065B0D4 /* PlantsApp */,
				9E569097290528E30065B0D4 /* Products */,
				9BD554F0E79D3C79B366426D /* Pods */,
				9255C6F7C80534DE7805CA2E /* Frameworks */,
			);
			sourceTree = "<group>";
		};
		9E569097290528E30065B0D4 /* Products */ = {
			isa = PBXGroup;
			children = (
				9E569096290528E30065B0D4 /* PlantsApp.app */,
			);
			name = Products;
			sourceTree = "<group>";
		};
		9E569098290528E30065B0D4 /* PlantsApp */ = {
			isa = PBXGroup;
			children = (
				9E044C57292138C60068F5BF /* Models.swift */,
				9E569099290528E30065B0D4 /* PlantsAppApp.swift */,
				9E56909B290528E30065B0D4 /* ContentView.swift */,
				9E56909D290528E50065B0D4 /* Assets.xcassets */,
				9E56909F290528E50065B0D4 /* Preview Content */,
				9E5690A729052FFB0065B0D4 /* RoundedCorner.swift */,
				9E5690A9290531B60065B0D4 /* PlantDemoCard.swift */,
				9E5690AB290537880065B0D4 /* Extensions.swift */,
				9E5690AD290549EC0065B0D4 /* TagPill.swift */,
				9E5690AF2905574D0065B0D4 /* PlantDetailedView.swift */,
				9E5690B12905721B0065B0D4 /* ProgressChart.swift */,
				9E243739292007AB00797E6A /* AddPlantView.swift */,
				9E24373F2920184D00797E6A /* BluetoothViewModel.swift */,
				9E044C55292111DB0068F5BF /* HttpClient.swift */,
				9E7D2E3529324AC9006BCCED /* BleProvisioningViewModel.swift */,
				9E7D2E3929327939006BCCED /* ConfigureSensorView.swift */,
				9E6986CE29367B9000226701 /* MqttViewModel.swift */,
			);
			path = PlantsApp;
			sourceTree = "<group>";
		};
		9E56909F290528E50065B0D4 /* Preview Content */ = {
			isa = PBXGroup;
			children = (
				9E5690A0290528E50065B0D4 /* Preview Assets.xcassets */,
			);
			path = "Preview Content";
			sourceTree = "<group>";
		};
/* End PBXGroup section */

/* Begin PBXNativeTarget section */
		9E569095290528E30065B0D4 /* PlantsApp */ = {
			isa = PBXNativeTarget;
			buildConfigurationList = 9E5690A4290528E50065B0D4 /* Build configuration list for PBXNativeTarget "PlantsApp" */;
			buildPhases = (
				7BDAD821537357FF3DA3940F /* [CP] Check Pods Manifest.lock */,
				9E569092290528E30065B0D4 /* Sources */,
				9E569093290528E30065B0D4 /* Frameworks */,
				9E569094290528E30065B0D4 /* Resources */,
				2A2B914C5AD67B0A26F589FC /* [CP] Embed Pods Frameworks */,
			);
			buildRules = (
			);
			dependencies = (
			);
			name = PlantsApp;
			productName = PlantsApp;
			productReference = 9E569096290528E30065B0D4 /* PlantsApp.app */;
			productType = "com.apple.product-type.application";
		};
/* End PBXNativeTarget section */

/* Begin PBXProject section */
		9E56908E290528E30065B0D4 /* Project object */ = {
			isa = PBXProject;
			attributes = {
				BuildIndependentTargetsInParallel = 1;
				LastSwiftUpdateCheck = 1400;
				LastUpgradeCheck = 1400;
				TargetAttributes = {
					9E569095290528E30065B0D4 = {
						CreatedOnToolsVersion = 14.0.1;
					};
				};
			};
			buildConfigurationList = 9E569091290528E30065B0D4 /* Build configuration list for PBXProject "PlantsApp" */;
			compatibilityVersion = "Xcode 14.0";
			developmentRegion = en;
			hasScannedForEncodings = 0;
			knownRegions = (
				en,
				Base,
			);
			mainGroup = 9E56908D290528E30065B0D4;
			productRefGroup = 9E569097290528E30065B0D4 /* Products */;
			projectDirPath = "";
			projectRoot = "";
			targets = (
				9E569095290528E30065B0D4 /* PlantsApp */,
			);
		};
/* End PBXProject section */

/* Begin PBXResourcesBuildPhase section */
		9E569094290528E30065B0D4 /* Resources */ = {
			isa = PBXResourcesBuildPhase;
			buildActionMask = 2147483647;
			files = (
				9E7D2E322932419D006BCCED /* Podfile in Resources */,
				9E5690A1290528E50065B0D4 /* Preview Assets.xcassets in Resources */,
				9E56909E290528E50065B0D4 /* Assets.xcassets in Resources */,
			);
			runOnlyForDeploymentPostprocessing = 0;
		};
/* End PBXResourcesBuildPhase section */

/* Begin PBXShellScriptBuildPhase section */
		2A2B914C5AD67B0A26F589FC /* [CP] Embed Pods Frameworks */ = {
			isa = PBXShellScriptBuildPhase;
			buildActionMask = 2147483647;
			files = (
			);
			inputFileListPaths = (
				"${PODS_ROOT}/Target Support Files/Pods-PlantsApp/Pods-PlantsApp-frameworks-${CONFIGURATION}-input-files.xcfilelist",
			);
			name = "[CP] Embed Pods Frameworks";
			outputFileListPaths = (
				"${PODS_ROOT}/Target Support Files/Pods-PlantsApp/Pods-PlantsApp-frameworks-${CONFIGURATION}-output-files.xcfilelist",
			);
			runOnlyForDeploymentPostprocessing = 0;
			shellPath = /bin/sh;
			shellScript = "\"${PODS_ROOT}/Target Support Files/Pods-PlantsApp/Pods-PlantsApp-frameworks.sh\"\n";
			showEnvVarsInLog = 0;
		};
		7BDAD821537357FF3DA3940F /* [CP] Check Pods Manifest.lock */ = {
			isa = PBXShellScriptBuildPhase;
			buildActionMask = 2147483647;
			files = (
			);
			inputFileListPaths = (
			);
			inputPaths = (
				"${PODS_PODFILE_DIR_PATH}/Podfile.lock",
				"${PODS_ROOT}/Manifest.lock",
			);
			name = "[CP] Check Pods Manifest.lock";
			outputFileListPaths = (
			);
			outputPaths = (
				"$(DERIVED_FILE_DIR)/Pods-PlantsApp-checkManifestLockResult.txt",
			);
			runOnlyForDeploymentPostprocessing = 0;
			shellPath = /bin/sh;
			shellScript = "diff \"${PODS_PODFILE_DIR_PATH}/Podfile.lock\" \"${PODS_ROOT}/Manifest.lock\" > /dev/null\nif [ $? != 0 ] ; then\n    # print error to STDERR\n    echo \"error: The sandbox is not in sync with the Podfile.lock. Run 'pod install' or update your CocoaPods installation.\" >&2\n    exit 1\nfi\n# This output is used by Xcode 'outputs' to avoid re-running this script phase.\necho \"SUCCESS\" > \"${SCRIPT_OUTPUT_FILE_0}\"\n";
			showEnvVarsInLog = 0;
		};
/* End PBXShellScriptBuildPhase section */

/* Begin PBXSourcesBuildPhase section */
		9E569092290528E30065B0D4 /* Sources */ = {
			isa = PBXSourcesBuildPhase;
			buildActionMask = 2147483647;
			files = (
				9E5690AC290537880065B0D4 /* Extensions.swift in Sources */,
				9E5690AA290531B60065B0D4 /* PlantDemoCard.swift in Sources */,
				9E5690A829052FFB0065B0D4 /* RoundedCorner.swift in Sources */,
				9E24373A292007AB00797E6A /* AddPlantView.swift in Sources */,
				9E7D2E3629324AC9006BCCED /* BleProvisioningViewModel.swift in Sources */,
				9E6986CF29367B9000226701 /* MqttViewModel.swift in Sources */,
				9E2437402920184D00797E6A /* BluetoothViewModel.swift in Sources */,
				9E5690B02905574D0065B0D4 /* PlantDetailedView.swift in Sources */,
				9E044C56292111DB0068F5BF /* HttpClient.swift in Sources */,
				9E56909C290528E30065B0D4 /* ContentView.swift in Sources */,
				9E5690B22905721B0065B0D4 /* ProgressChart.swift in Sources */,
				9E56909A290528E30065B0D4 /* PlantsAppApp.swift in Sources */,
				9E7D2E3A29327939006BCCED /* ConfigureSensorView.swift in Sources */,
				9E044C58292138C60068F5BF /* Models.swift in Sources */,
				9E5690AE290549EC0065B0D4 /* TagPill.swift in Sources */,
			);
			runOnlyForDeploymentPostprocessing = 0;
		};
/* End PBXSourcesBuildPhase section */

/* Begin XCBuildConfiguration section */
		9E5690A2290528E50065B0D4 /* Debug */ = {
			isa = XCBuildConfiguration;
			buildSettings = {
				ALWAYS_SEARCH_USER_PATHS = NO;
				CLANG_ANALYZER_NONNULL = YES;
				CLANG_ANALYZER_NUMBER_OBJECT_CONVERSION = YES_AGGRESSIVE;
				CLANG_CXX_LANGUAGE_STANDARD = "gnu++20";
				CLANG_ENABLE_MODULES = YES;
				CLANG_ENABLE_OBJC_ARC = YES;
				CLANG_ENABLE_OBJC_WEAK = YES;
				CLANG_WARN_BLOCK_CAPTURE_AUTORELEASING = YES;
				CLANG_WARN_BOOL_CONVERSION = YES;
				CLANG_WARN_COMMA = YES;
				CLANG_WARN_CONSTANT_CONVERSION = YES;
				CLANG_WARN_DEPRECATED_OBJC_IMPLEMENTATIONS = YES;
				CLANG_WARN_DIRECT_OBJC_ISA_USAGE = YES_ERROR;
				CLANG_WARN_DOCUMENTATION_COMMENTS = YES;
				CLANG_WARN_EMPTY_BODY = YES;
				CLANG_WARN_ENUM_CONVERSION = YES;
				CLANG_WARN_INFINITE_RECURSION = YES;
				CLANG_WARN_INT_CONVERSION = YES;
				CLANG_WARN_NON_LITERAL_NULL_CONVERSION = YES;
				CLANG_WARN_OBJC_IMPLICIT_RETAIN_SELF = YES;
				CLANG_WARN_OBJC_LITERAL_CONVERSION = YES;
				CLANG_WARN_OBJC_ROOT_CLASS = YES_ERROR;
				CLANG_WARN_QUOTED_INCLUDE_IN_FRAMEWORK_HEADER = YES;
				CLANG_WARN_RANGE_LOOP_ANALYSIS = YES;
				CLANG_WARN_STRICT_PROTOTYPES = YES;
				CLANG_WARN_SUSPICIOUS_MOVE = YES;
				CLANG_WARN_UNGUARDED_AVAILABILITY = YES_AGGRESSIVE;
				CLANG_WARN_UNREACHABLE_CODE = YES;
				CLANG_WARN__DUPLICATE_METHOD_MATCH = YES;
				COPY_PHASE_STRIP = NO;
				DEBUG_INFORMATION_FORMAT = dwarf;
				ENABLE_STRICT_OBJC_MSGSEND = YES;
				ENABLE_TESTABILITY = YES;
				GCC_C_LANGUAGE_STANDARD = gnu11;
				GCC_DYNAMIC_NO_PIC = NO;
				GCC_NO_COMMON_BLOCKS = YES;
				GCC_OPTIMIZATION_LEVEL = 0;
				GCC_PREPROCESSOR_DEFINITIONS = (
					"DEBUG=1",
					"$(inherited)",
				);
				GCC_WARN_64_TO_32_BIT_CONVERSION = YES;
				GCC_WARN_ABOUT_RETURN_TYPE = YES_ERROR;
				GCC_WARN_UNDECLARED_SELECTOR = YES;
				GCC_WARN_UNINITIALIZED_AUTOS = YES_AGGRESSIVE;
				GCC_WARN_UNUSED_FUNCTION = YES;
				GCC_WARN_UNUSED_VARIABLE = YES;
				IPHONEOS_DEPLOYMENT_TARGET = 16.0;
				MTL_ENABLE_DEBUG_INFO = INCLUDE_SOURCE;
				MTL_FAST_MATH = YES;
				ONLY_ACTIVE_ARCH = YES;
				SDKROOT = iphoneos;
				SWIFT_ACTIVE_COMPILATION_CONDITIONS = DEBUG;
				SWIFT_OPTIMIZATION_LEVEL = "-Onone";
			};
			name = Debug;
		};
		9E5690A3290528E50065B0D4 /* Release */ = {
			isa = XCBuildConfiguration;
			buildSettings = {
				ALWAYS_SEARCH_USER_PATHS = NO;
				CLANG_ANALYZER_NONNULL = YES;
				CLANG_ANALYZER_NUMBER_OBJECT_CONVERSION = YES_AGGRESSIVE;
				CLANG_CXX_LANGUAGE_STANDARD = "gnu++20";
				CLANG_ENABLE_MODULES = YES;
				CLANG_ENABLE_OBJC_ARC = YES;
				CLANG_ENABLE_OBJC_WEAK = YES;
				CLANG_WARN_BLOCK_CAPTURE_AUTORELEASING = YES;
				CLANG_WARN_BOOL_CONVERSION = YES;
				CLANG_WARN_COMMA = YES;
				CLANG_WARN_CONSTANT_CONVERSION = YES;
				CLANG_WARN_DEPRECATED_OBJC_IMPLEMENTATIONS = YES;
				CLANG_WARN_DIRECT_OBJC_ISA_USAGE = YES_ERROR;
				CLANG_WARN_DOCUMENTATION_COMMENTS = YES;
				CLANG_WARN_EMPTY_BODY = YES;
				CLANG_WARN_ENUM_CONVERSION = YES;
				CLANG_WARN_INFINITE_RECURSION = YES;
				CLANG_WARN_INT_CONVERSION = YES;
				CLANG_WARN_NON_LITERAL_NULL_CONVERSION = YES;
				CLANG_WARN_OBJC_IMPLICIT_RETAIN_SELF = YES;
				CLANG_WARN_OBJC_LITERAL_CONVERSION = YES;
				CLANG_WARN_OBJC_ROOT_CLASS = YES_ERROR;
				CLANG_WARN_QUOTED_INCLUDE_IN_FRAMEWORK_HEADER = YES;
				CLANG_WARN_RANGE_LOOP_ANALYSIS = YES;
				CLANG_WARN_STRICT_PROTOTYPES = YES;
				CLANG_WARN_SUSPICIOUS_MOVE = YES;
				CLANG_WARN_UNGUARDED_AVAILABILITY = YES_AGGRESSIVE;
				CLANG_WARN_UNREACHABLE_CODE = YES;
				CLANG_WARN__DUPLICATE_METHOD_MATCH = YES;
				COPY_PHASE_STRIP = NO;
				DEBUG_INFORMATION_FORMAT = "dwarf-with-dsym";
				ENABLE_NS_ASSERTIONS = NO;
				ENABLE_STRICT_OBJC_MSGSEND = YES;
				GCC_C_LANGUAGE_STANDARD = gnu11;
				GCC_NO_COMMON_BLOCKS = YES;
				GCC_WARN_64_TO_32_BIT_CONVERSION = YES;
				GCC_WARN_ABOUT_RETURN_TYPE = YES_ERROR;
				GCC_WARN_UNDECLARED_SELECTOR = YES;
				GCC_WARN_UNINITIALIZED_AUTOS = YES_AGGRESSIVE;
				GCC_WARN_UNUSED_FUNCTION = YES;
				GCC_WARN_UNUSED_VARIABLE = YES;
				IPHONEOS_DEPLOYMENT_TARGET = 16.0;
				MTL_ENABLE_DEBUG_INFO = NO;
				MTL_FAST_MATH = YES;
				SDKROOT = iphoneos;
				SWIFT_COMPILATION_MODE = wholemodule;
				SWIFT_OPTIMIZATION_LEVEL = "-O";
				VALIDATE_PRODUCT = YES;
			};
			name = Release;
		};
		9E5690A5290528E50065B0D4 /* Debug */ = {
			isa = XCBuildConfiguration;
			baseConfigurationReference = 9ECA8FDEDCE9E4168402823B /* Pods-PlantsApp.debug.xcconfig */;
			buildSettings = {
				ASSETCATALOG_COMPILER_APPICON_NAME = AppIcon;
				ASSETCATALOG_COMPILER_GLOBAL_ACCENT_COLOR_NAME = AccentColor;
				CODE_SIGN_STYLE = Automatic;
				CURRENT_PROJECT_VERSION = 1;
				DEVELOPMENT_ASSET_PATHS = "\"PlantsApp/Preview Content\"";
				DEVELOPMENT_TEAM = MMVWAQXQ3A;
				ENABLE_PREVIEWS = YES;
				GENERATE_INFOPLIST_FILE = YES;
				INFOPLIST_KEY_NSBluetoothAlwaysUsageDescription = "";
				INFOPLIST_KEY_NSBluetoothPeripheralUsageDescription = "Zezwól na znajdowanie urządzeń bluetooth w pobliżu";
				INFOPLIST_KEY_UIApplicationSceneManifest_Generation = YES;
				INFOPLIST_KEY_UIApplicationSupportsIndirectInputEvents = YES;
				INFOPLIST_KEY_UILaunchScreen_Generation = YES;
				INFOPLIST_KEY_UISupportedInterfaceOrientations_iPad = "UIInterfaceOrientationPortrait UIInterfaceOrientationPortraitUpsideDown UIInterfaceOrientationLandscapeLeft UIInterfaceOrientationLandscapeRight";
				INFOPLIST_KEY_UISupportedInterfaceOrientations_iPhone = "UIInterfaceOrientationPortrait UIInterfaceOrientationLandscapeLeft UIInterfaceOrientationLandscapeRight";
				INFOPLIST_KEY_UIUserInterfaceStyle = Light;
				LD_RUNPATH_SEARCH_PATHS = (
					"$(inherited)",
					"@executable_path/Frameworks",
				);
				MARKETING_VERSION = 1.0;
				PRODUCT_BUNDLE_IDENTIFIER = iot.PlantsApp;
				PRODUCT_NAME = "$(TARGET_NAME)";
				SWIFT_EMIT_LOC_STRINGS = YES;
				SWIFT_VERSION = 5.0;
				TARGETED_DEVICE_FAMILY = "1,2";
			};
			name = Debug;
		};
		9E5690A6290528E50065B0D4 /* Release */ = {
			isa = XCBuildConfiguration;
			baseConfigurationReference = 794AA7C5779D58C65BA5A4D9 /* Pods-PlantsApp.release.xcconfig */;
			buildSettings = {
				ASSETCATALOG_COMPILER_APPICON_NAME = AppIcon;
				ASSETCATALOG_COMPILER_GLOBAL_ACCENT_COLOR_NAME = AccentColor;
				CODE_SIGN_STYLE = Automatic;
				CURRENT_PROJECT_VERSION = 1;
				DEVELOPMENT_ASSET_PATHS = "\"PlantsApp/Preview Content\"";
				DEVELOPMENT_TEAM = MMVWAQXQ3A;
				ENABLE_PREVIEWS = YES;
				GENERATE_INFOPLIST_FILE = YES;
				INFOPLIST_KEY_NSBluetoothAlwaysUsageDescription = "";
				INFOPLIST_KEY_NSBluetoothPeripheralUsageDescription = "Zezwól na znajdowanie urządzeń bluetooth w pobliżu";
				INFOPLIST_KEY_UIApplicationSceneManifest_Generation = YES;
				INFOPLIST_KEY_UIApplicationSupportsIndirectInputEvents = YES;
				INFOPLIST_KEY_UILaunchScreen_Generation = YES;
				INFOPLIST_KEY_UISupportedInterfaceOrientations_iPad = "UIInterfaceOrientationPortrait UIInterfaceOrientationPortraitUpsideDown UIInterfaceOrientationLandscapeLeft UIInterfaceOrientationLandscapeRight";
				INFOPLIST_KEY_UISupportedInterfaceOrientations_iPhone = "UIInterfaceOrientationPortrait UIInterfaceOrientationLandscapeLeft UIInterfaceOrientationLandscapeRight";
				INFOPLIST_KEY_UIUserInterfaceStyle = Light;
				LD_RUNPATH_SEARCH_PATHS = (
					"$(inherited)",
					"@executable_path/Frameworks",
				);
				MARKETING_VERSION = 1.0;
				PRODUCT_BUNDLE_IDENTIFIER = iot.PlantsApp;
				PRODUCT_NAME = "$(TARGET_NAME)";
				SWIFT_EMIT_LOC_STRINGS = YES;
				SWIFT_VERSION = 5.0;
				TARGETED_DEVICE_FAMILY = "1,2";
			};
			name = Release;
		};
/* End XCBuildConfiguration section */

/* Begin XCConfigurationList section */
		9E569091290528E30065B0D4 /* Build configuration list for PBXProject "PlantsApp" */ = {
			isa = XCConfigurationList;
			buildConfigurations = (
				9E5690A2290528E50065B0D4 /* Debug */,
				9E5690A3290528E50065B0D4 /* Release */,
			);
			defaultConfigurationIsVisible = 0;
			defaultConfigurationName = Release;
		};
		9E5690A4290528E50065B0D4 /* Build configuration list for PBXNativeTarget "PlantsApp" */ = {
			isa = XCConfigurationList;
			buildConfigurations = (
				9E5690A5290528E50065B0D4 /* Debug */,
				9E5690A6290528E50065B0D4 /* Release */,
			);
			defaultConfigurationIsVisible = 0;
			defaultConfigurationName = Release;
		};
/* End XCConfigurationList section */
	};
	rootObject = 9E56908E290528E30065B0D4 /* Project object */;
}
